// !$*UTF8*$!
{
	archiveVersion = 1;
	classes = {
	};
	objectVersion = 51;
	objects = {

/* Begin PBXBuildFile section */
		0417942026A72D92007F5448 /* EventValidation.m in Sources */ = {isa = PBXBuildFile; fileRef = 0417941F26A72D92007F5448 /* EventValidation.m */; };
		04368C6D26AF64C50033F664 /* EventAnnotation.m in Sources */ = {isa = PBXBuildFile; fileRef = 04368C6C26AF64C50033F664 /* EventAnnotation.m */; };
		0459D61726AF161F0071376F /* EventMapViewController.m in Sources */ = {isa = PBXBuildFile; fileRef = 0459D61626AF161F0071376F /* EventMapViewController.m */; };
		0459D61926AF1CB10071376F /* CoreLocation.framework in Frameworks */ = {isa = PBXBuildFile; fileRef = 0459D61826AF1CB10071376F /* CoreLocation.framework */; };
		049ED5FD269CD8F600F85217 /* ProfileViewController.m in Sources */ = {isa = PBXBuildFile; fileRef = 049ED5FC269CD8F600F85217 /* ProfileViewController.m */; };
		049ED600269CDCF000F85217 /* Group.m in Sources */ = {isa = PBXBuildFile; fileRef = 049ED5FF269CDCF000F85217 /* Group.m */; };
		04A1867926A2371900E09A34 /* RegisterViewController.m in Sources */ = {isa = PBXBuildFile; fileRef = 04A1867826A2371900E09A34 /* RegisterViewController.m */; };
		04BAE761269CD21A00C21ED5 /* GroupDetailsViewController.m in Sources */ = {isa = PBXBuildFile; fileRef = 04BAE760269CD21A00C21ED5 /* GroupDetailsViewController.m */; };
		04BAE764269CD28C00C21ED5 /* EventDetailsViewController.m in Sources */ = {isa = PBXBuildFile; fileRef = 04BAE763269CD28C00C21ED5 /* EventDetailsViewController.m */; };
		04BAE767269CD29600C21ED5 /* BookEventViewController.m in Sources */ = {isa = PBXBuildFile; fileRef = 04BAE766269CD29600C21ED5 /* BookEventViewController.m */; };
		04D24C9626A0C6CB00F9810F /* GroupDetailsInfoViewController.m in Sources */ = {isa = PBXBuildFile; fileRef = 04D24C9526A0C6CB00F9810F /* GroupDetailsInfoViewController.m */; };
		04D24C9926A0D3DB00F9810F /* GroupEventCell.m in Sources */ = {isa = PBXBuildFile; fileRef = 04D24C9826A0D3DB00F9810F /* GroupEventCell.m */; };
		04D324C7269CEF03000B4BE1 /* UserCell.m in Sources */ = {isa = PBXBuildFile; fileRef = 04D324C6269CEF03000B4BE1 /* UserCell.m */; };
		04D324CA269D06F4000B4BE1 /* GroupCell.m in Sources */ = {isa = PBXBuildFile; fileRef = 04D324C9269D06F4000B4BE1 /* GroupCell.m */; };
		04D818E6269CAE8400C3A9D8 /* AppDelegate.m in Sources */ = {isa = PBXBuildFile; fileRef = 04D818E5269CAE8400C3A9D8 /* AppDelegate.m */; };
		04D818E9269CAE8400C3A9D8 /* SceneDelegate.m in Sources */ = {isa = PBXBuildFile; fileRef = 04D818E8269CAE8400C3A9D8 /* SceneDelegate.m */; };
		04D818EF269CAE8400C3A9D8 /* Main.storyboard in Resources */ = {isa = PBXBuildFile; fileRef = 04D818ED269CAE8400C3A9D8 /* Main.storyboard */; };
		04D818F1269CAE8600C3A9D8 /* Assets.xcassets in Resources */ = {isa = PBXBuildFile; fileRef = 04D818F0269CAE8600C3A9D8 /* Assets.xcassets */; };
		04D818F4269CAE8600C3A9D8 /* LaunchScreen.storyboard in Resources */ = {isa = PBXBuildFile; fileRef = 04D818F2269CAE8600C3A9D8 /* LaunchScreen.storyboard */; };
		04D818F7269CAE8600C3A9D8 /* main.m in Sources */ = {isa = PBXBuildFile; fileRef = 04D818F6269CAE8600C3A9D8 /* main.m */; };
		04D81901269CAE8600C3A9D8 /* trip_togetherTests.m in Sources */ = {isa = PBXBuildFile; fileRef = 04D81900269CAE8600C3A9D8 /* trip_togetherTests.m */; };
		04D8190C269CAE8600C3A9D8 /* trip_togetherUITests.m in Sources */ = {isa = PBXBuildFile; fileRef = 04D8190B269CAE8600C3A9D8 /* trip_togetherUITests.m */; };
		04D8191E269CB34800C3A9D8 /* LoginViewController.m in Sources */ = {isa = PBXBuildFile; fileRef = 04D8191D269CB34800C3A9D8 /* LoginViewController.m */; };
		04D81921269CBF0A00C3A9D8 /* EventsViewController.m in Sources */ = {isa = PBXBuildFile; fileRef = 04D81920269CBF0A00C3A9D8 /* EventsViewController.m */; };
		04D81924269CBF1D00C3A9D8 /* GroupsViewController.m in Sources */ = {isa = PBXBuildFile; fileRef = 04D81923269CBF1D00C3A9D8 /* GroupsViewController.m */; };
		04D81927269CC12000C3A9D8 /* CreateGroupViewController.m in Sources */ = {isa = PBXBuildFile; fileRef = 04D81926269CC12000C3A9D8 /* CreateGroupViewController.m */; };
		04E89A61269DEF0D001593BA /* Event.m in Sources */ = {isa = PBXBuildFile; fileRef = 04E89A60269DEF0D001593BA /* Event.m */; };
		04E89A63269E16DA001593BA /* Keys.plist in Resources */ = {isa = PBXBuildFile; fileRef = 04E89A62269E16DA001593BA /* Keys.plist */; };
		04E89A66269E22AF001593BA /* EventCell.m in Sources */ = {isa = PBXBuildFile; fileRef = 04E89A65269E22AF001593BA /* EventCell.m */; };
		04E996E526AB5DFE005E1FBE /* MapKit.framework in Frameworks */ = {isa = PBXBuildFile; fileRef = 04E996E426AB5DFE005E1FBE /* MapKit.framework */; };
		04FC8C7426A9F3CD004C9069 /* APIManager.m in Sources */ = {isa = PBXBuildFile; fileRef = 04FC8C7326A9F3CD004C9069 /* APIManager.m */; };
		8F4331FB08DED8492EC640DD /* Pods_trip_togetherTests.framework in Frameworks */ = {isa = PBXBuildFile; fileRef = 44218E535CBA07A564C1ACD8 /* Pods_trip_togetherTests.framework */; };
		ECAA1B2B4177EBC5EF1AF95C /* Pods_trip_together_trip_togetherUITests.framework in Frameworks */ = {isa = PBXBuildFile; fileRef = 55DAC9525131C5A0F00203B3 /* Pods_trip_together_trip_togetherUITests.framework */; };
		F4FAC8BB68620D9C47D55F22 /* Pods_trip_together.framework in Frameworks */ = {isa = PBXBuildFile; fileRef = 08321C2A08A738B3D200D575 /* Pods_trip_together.framework */; };
/* End PBXBuildFile section */

/* Begin PBXContainerItemProxy section */
		04D818FD269CAE8600C3A9D8 /* PBXContainerItemProxy */ = {
			isa = PBXContainerItemProxy;
			containerPortal = 04D818D9269CAE8400C3A9D8 /* Project object */;
			proxyType = 1;
			remoteGlobalIDString = 04D818E0269CAE8400C3A9D8;
			remoteInfo = "trip-together";
		};
		04D81908269CAE8600C3A9D8 /* PBXContainerItemProxy */ = {
			isa = PBXContainerItemProxy;
			containerPortal = 04D818D9269CAE8400C3A9D8 /* Project object */;
			proxyType = 1;
			remoteGlobalIDString = 04D818E0269CAE8400C3A9D8;
			remoteInfo = "trip-together";
		};
/* End PBXContainerItemProxy section */

/* Begin PBXFileReference section */
		0417941E26A72D92007F5448 /* EventValidation.h */ = {isa = PBXFileReference; lastKnownFileType = sourcecode.c.h; path = EventValidation.h; sourceTree = "<group>"; };
		0417941F26A72D92007F5448 /* EventValidation.m */ = {isa = PBXFileReference; lastKnownFileType = sourcecode.c.objc; path = EventValidation.m; sourceTree = "<group>"; };
		04368C6B26AF64C50033F664 /* EventAnnotation.h */ = {isa = PBXFileReference; lastKnownFileType = sourcecode.c.h; path = EventAnnotation.h; sourceTree = "<group>"; };
		04368C6C26AF64C50033F664 /* EventAnnotation.m */ = {isa = PBXFileReference; lastKnownFileType = sourcecode.c.objc; path = EventAnnotation.m; sourceTree = "<group>"; };
		0459D61526AF161F0071376F /* EventMapViewController.h */ = {isa = PBXFileReference; lastKnownFileType = sourcecode.c.h; path = EventMapViewController.h; sourceTree = "<group>"; };
		0459D61626AF161F0071376F /* EventMapViewController.m */ = {isa = PBXFileReference; lastKnownFileType = sourcecode.c.objc; path = EventMapViewController.m; sourceTree = "<group>"; };
		0459D61826AF1CB10071376F /* CoreLocation.framework */ = {isa = PBXFileReference; lastKnownFileType = wrapper.framework; name = CoreLocation.framework; path = System/Library/Frameworks/CoreLocation.framework; sourceTree = SDKROOT; };
		049ED5FB269CD8F600F85217 /* ProfileViewController.h */ = {isa = PBXFileReference; lastKnownFileType = sourcecode.c.h; path = ProfileViewController.h; sourceTree = "<group>"; };
		049ED5FC269CD8F600F85217 /* ProfileViewController.m */ = {isa = PBXFileReference; lastKnownFileType = sourcecode.c.objc; path = ProfileViewController.m; sourceTree = "<group>"; };
		049ED5FE269CDCF000F85217 /* Group.h */ = {isa = PBXFileReference; lastKnownFileType = sourcecode.c.h; path = Group.h; sourceTree = "<group>"; };
		049ED5FF269CDCF000F85217 /* Group.m */ = {isa = PBXFileReference; lastKnownFileType = sourcecode.c.objc; path = Group.m; sourceTree = "<group>"; };
		04A1867726A2371900E09A34 /* RegisterViewController.h */ = {isa = PBXFileReference; lastKnownFileType = sourcecode.c.h; path = RegisterViewController.h; sourceTree = "<group>"; };
		04A1867826A2371900E09A34 /* RegisterViewController.m */ = {isa = PBXFileReference; lastKnownFileType = sourcecode.c.objc; path = RegisterViewController.m; sourceTree = "<group>"; };
		04BAE75F269CD21A00C21ED5 /* GroupDetailsViewController.h */ = {isa = PBXFileReference; lastKnownFileType = sourcecode.c.h; path = GroupDetailsViewController.h; sourceTree = "<group>"; };
		04BAE760269CD21A00C21ED5 /* GroupDetailsViewController.m */ = {isa = PBXFileReference; lastKnownFileType = sourcecode.c.objc; path = GroupDetailsViewController.m; sourceTree = "<group>"; };
		04BAE762269CD28C00C21ED5 /* EventDetailsViewController.h */ = {isa = PBXFileReference; lastKnownFileType = sourcecode.c.h; path = EventDetailsViewController.h; sourceTree = "<group>"; };
		04BAE763269CD28C00C21ED5 /* EventDetailsViewController.m */ = {isa = PBXFileReference; lastKnownFileType = sourcecode.c.objc; path = EventDetailsViewController.m; sourceTree = "<group>"; };
		04BAE765269CD29600C21ED5 /* BookEventViewController.h */ = {isa = PBXFileReference; lastKnownFileType = sourcecode.c.h; path = BookEventViewController.h; sourceTree = "<group>"; };
		04BAE766269CD29600C21ED5 /* BookEventViewController.m */ = {isa = PBXFileReference; lastKnownFileType = sourcecode.c.objc; path = BookEventViewController.m; sourceTree = "<group>"; };
		04D24C9426A0C6CB00F9810F /* GroupDetailsInfoViewController.h */ = {isa = PBXFileReference; lastKnownFileType = sourcecode.c.h; path = GroupDetailsInfoViewController.h; sourceTree = "<group>"; };
		04D24C9526A0C6CB00F9810F /* GroupDetailsInfoViewController.m */ = {isa = PBXFileReference; lastKnownFileType = sourcecode.c.objc; path = GroupDetailsInfoViewController.m; sourceTree = "<group>"; };
		04D24C9726A0D3DB00F9810F /* GroupEventCell.h */ = {isa = PBXFileReference; lastKnownFileType = sourcecode.c.h; path = GroupEventCell.h; sourceTree = "<group>"; };
		04D24C9826A0D3DB00F9810F /* GroupEventCell.m */ = {isa = PBXFileReference; lastKnownFileType = sourcecode.c.objc; path = GroupEventCell.m; sourceTree = "<group>"; };
		04D324C5269CEF03000B4BE1 /* UserCell.h */ = {isa = PBXFileReference; lastKnownFileType = sourcecode.c.h; path = UserCell.h; sourceTree = "<group>"; };
		04D324C6269CEF03000B4BE1 /* UserCell.m */ = {isa = PBXFileReference; lastKnownFileType = sourcecode.c.objc; path = UserCell.m; sourceTree = "<group>"; };
		04D324C8269D06F4000B4BE1 /* GroupCell.h */ = {isa = PBXFileReference; lastKnownFileType = sourcecode.c.h; path = GroupCell.h; sourceTree = "<group>"; };
		04D324C9269D06F4000B4BE1 /* GroupCell.m */ = {isa = PBXFileReference; lastKnownFileType = sourcecode.c.objc; path = GroupCell.m; sourceTree = "<group>"; };
		04D818E1269CAE8400C3A9D8 /* trip-together.app */ = {isa = PBXFileReference; explicitFileType = wrapper.application; includeInIndex = 0; path = "trip-together.app"; sourceTree = BUILT_PRODUCTS_DIR; };
		04D818E4269CAE8400C3A9D8 /* AppDelegate.h */ = {isa = PBXFileReference; lastKnownFileType = sourcecode.c.h; path = AppDelegate.h; sourceTree = "<group>"; };
		04D818E5269CAE8400C3A9D8 /* AppDelegate.m */ = {isa = PBXFileReference; lastKnownFileType = sourcecode.c.objc; path = AppDelegate.m; sourceTree = "<group>"; };
		04D818E7269CAE8400C3A9D8 /* SceneDelegate.h */ = {isa = PBXFileReference; lastKnownFileType = sourcecode.c.h; path = SceneDelegate.h; sourceTree = "<group>"; };
		04D818E8269CAE8400C3A9D8 /* SceneDelegate.m */ = {isa = PBXFileReference; lastKnownFileType = sourcecode.c.objc; path = SceneDelegate.m; sourceTree = "<group>"; };
		04D818EE269CAE8400C3A9D8 /* Base */ = {isa = PBXFileReference; lastKnownFileType = file.storyboard; name = Base; path = Base.lproj/Main.storyboard; sourceTree = "<group>"; };
		04D818F0269CAE8600C3A9D8 /* Assets.xcassets */ = {isa = PBXFileReference; lastKnownFileType = folder.assetcatalog; path = Assets.xcassets; sourceTree = "<group>"; };
		04D818F3269CAE8600C3A9D8 /* Base */ = {isa = PBXFileReference; lastKnownFileType = file.storyboard; name = Base; path = Base.lproj/LaunchScreen.storyboard; sourceTree = "<group>"; };
		04D818F5269CAE8600C3A9D8 /* Info.plist */ = {isa = PBXFileReference; lastKnownFileType = text.plist.xml; path = Info.plist; sourceTree = "<group>"; };
		04D818F6269CAE8600C3A9D8 /* main.m */ = {isa = PBXFileReference; lastKnownFileType = sourcecode.c.objc; path = main.m; sourceTree = "<group>"; };
		04D818FC269CAE8600C3A9D8 /* trip-togetherTests.xctest */ = {isa = PBXFileReference; explicitFileType = wrapper.cfbundle; includeInIndex = 0; path = "trip-togetherTests.xctest"; sourceTree = BUILT_PRODUCTS_DIR; };
		04D81900269CAE8600C3A9D8 /* trip_togetherTests.m */ = {isa = PBXFileReference; lastKnownFileType = sourcecode.c.objc; path = trip_togetherTests.m; sourceTree = "<group>"; };
		04D81902269CAE8600C3A9D8 /* Info.plist */ = {isa = PBXFileReference; lastKnownFileType = text.plist.xml; path = Info.plist; sourceTree = "<group>"; };
		04D81907269CAE8600C3A9D8 /* trip-togetherUITests.xctest */ = {isa = PBXFileReference; explicitFileType = wrapper.cfbundle; includeInIndex = 0; path = "trip-togetherUITests.xctest"; sourceTree = BUILT_PRODUCTS_DIR; };
		04D8190B269CAE8600C3A9D8 /* trip_togetherUITests.m */ = {isa = PBXFileReference; lastKnownFileType = sourcecode.c.objc; path = trip_togetherUITests.m; sourceTree = "<group>"; };
		04D8190D269CAE8600C3A9D8 /* Info.plist */ = {isa = PBXFileReference; lastKnownFileType = text.plist.xml; path = Info.plist; sourceTree = "<group>"; };
		04D8191C269CB34800C3A9D8 /* LoginViewController.h */ = {isa = PBXFileReference; lastKnownFileType = sourcecode.c.h; path = LoginViewController.h; sourceTree = "<group>"; };
		04D8191D269CB34800C3A9D8 /* LoginViewController.m */ = {isa = PBXFileReference; lastKnownFileType = sourcecode.c.objc; path = LoginViewController.m; sourceTree = "<group>"; };
		04D8191F269CBF0A00C3A9D8 /* EventsViewController.h */ = {isa = PBXFileReference; lastKnownFileType = sourcecode.c.h; path = EventsViewController.h; sourceTree = "<group>"; };
		04D81920269CBF0A00C3A9D8 /* EventsViewController.m */ = {isa = PBXFileReference; lastKnownFileType = sourcecode.c.objc; path = EventsViewController.m; sourceTree = "<group>"; };
		04D81922269CBF1D00C3A9D8 /* GroupsViewController.h */ = {isa = PBXFileReference; lastKnownFileType = sourcecode.c.h; path = GroupsViewController.h; sourceTree = "<group>"; };
		04D81923269CBF1D00C3A9D8 /* GroupsViewController.m */ = {isa = PBXFileReference; lastKnownFileType = sourcecode.c.objc; path = GroupsViewController.m; sourceTree = "<group>"; };
		04D81925269CC12000C3A9D8 /* CreateGroupViewController.h */ = {isa = PBXFileReference; lastKnownFileType = sourcecode.c.h; path = CreateGroupViewController.h; sourceTree = "<group>"; };
		04D81926269CC12000C3A9D8 /* CreateGroupViewController.m */ = {isa = PBXFileReference; lastKnownFileType = sourcecode.c.objc; path = CreateGroupViewController.m; sourceTree = "<group>"; };
		04E89A5F269DEF0D001593BA /* Event.h */ = {isa = PBXFileReference; lastKnownFileType = sourcecode.c.h; path = Event.h; sourceTree = "<group>"; };
		04E89A60269DEF0D001593BA /* Event.m */ = {isa = PBXFileReference; lastKnownFileType = sourcecode.c.objc; path = Event.m; sourceTree = "<group>"; };
		04E89A62269E16DA001593BA /* Keys.plist */ = {isa = PBXFileReference; lastKnownFileType = text.plist.xml; path = Keys.plist; sourceTree = "<group>"; };
		04E89A64269E22AF001593BA /* EventCell.h */ = {isa = PBXFileReference; lastKnownFileType = sourcecode.c.h; path = EventCell.h; sourceTree = "<group>"; };
		04E89A65269E22AF001593BA /* EventCell.m */ = {isa = PBXFileReference; lastKnownFileType = sourcecode.c.objc; path = EventCell.m; sourceTree = "<group>"; };
		04E996E426AB5DFE005E1FBE /* MapKit.framework */ = {isa = PBXFileReference; lastKnownFileType = wrapper.framework; name = MapKit.framework; path = System/Library/Frameworks/MapKit.framework; sourceTree = SDKROOT; };
		04FC8C7226A9F3CD004C9069 /* APIManager.h */ = {isa = PBXFileReference; lastKnownFileType = sourcecode.c.h; path = APIManager.h; sourceTree = "<group>"; };
		04FC8C7326A9F3CD004C9069 /* APIManager.m */ = {isa = PBXFileReference; lastKnownFileType = sourcecode.c.objc; path = APIManager.m; sourceTree = "<group>"; };
		08321C2A08A738B3D200D575 /* Pods_trip_together.framework */ = {isa = PBXFileReference; explicitFileType = wrapper.framework; includeInIndex = 0; path = Pods_trip_together.framework; sourceTree = BUILT_PRODUCTS_DIR; };
		1DD140C78699A33396DB80F7 /* Pods-trip-together-trip-togetherUITests.debug.xcconfig */ = {isa = PBXFileReference; includeInIndex = 1; lastKnownFileType = text.xcconfig; name = "Pods-trip-together-trip-togetherUITests.debug.xcconfig"; path = "Target Support Files/Pods-trip-together-trip-togetherUITests/Pods-trip-together-trip-togetherUITests.debug.xcconfig"; sourceTree = "<group>"; };
		29EF4BE3495E39069FE35260 /* Pods-trip-together.debug.xcconfig */ = {isa = PBXFileReference; includeInIndex = 1; lastKnownFileType = text.xcconfig; name = "Pods-trip-together.debug.xcconfig"; path = "Target Support Files/Pods-trip-together/Pods-trip-together.debug.xcconfig"; sourceTree = "<group>"; };
		2F4AAEFF68AAD1D00022C0A2 /* Pods-trip-togetherTests.debug.xcconfig */ = {isa = PBXFileReference; includeInIndex = 1; lastKnownFileType = text.xcconfig; name = "Pods-trip-togetherTests.debug.xcconfig"; path = "Target Support Files/Pods-trip-togetherTests/Pods-trip-togetherTests.debug.xcconfig"; sourceTree = "<group>"; };
		44218E535CBA07A564C1ACD8 /* Pods_trip_togetherTests.framework */ = {isa = PBXFileReference; explicitFileType = wrapper.framework; includeInIndex = 0; path = Pods_trip_togetherTests.framework; sourceTree = BUILT_PRODUCTS_DIR; };
		48EAA27F76E903DC3D2F524C /* Pods-trip-togetherTests.release.xcconfig */ = {isa = PBXFileReference; includeInIndex = 1; lastKnownFileType = text.xcconfig; name = "Pods-trip-togetherTests.release.xcconfig"; path = "Target Support Files/Pods-trip-togetherTests/Pods-trip-togetherTests.release.xcconfig"; sourceTree = "<group>"; };
		4ADF8FEA4F7A3F8D2134D716 /* Pods-trip-together.release.xcconfig */ = {isa = PBXFileReference; includeInIndex = 1; lastKnownFileType = text.xcconfig; name = "Pods-trip-together.release.xcconfig"; path = "Target Support Files/Pods-trip-together/Pods-trip-together.release.xcconfig"; sourceTree = "<group>"; };
		55DAC9525131C5A0F00203B3 /* Pods_trip_together_trip_togetherUITests.framework */ = {isa = PBXFileReference; explicitFileType = wrapper.framework; includeInIndex = 0; path = Pods_trip_together_trip_togetherUITests.framework; sourceTree = BUILT_PRODUCTS_DIR; };
		CA9F1325F4076E072CF063CA /* Pods-trip-together-trip-togetherUITests.release.xcconfig */ = {isa = PBXFileReference; includeInIndex = 1; lastKnownFileType = text.xcconfig; name = "Pods-trip-together-trip-togetherUITests.release.xcconfig"; path = "Target Support Files/Pods-trip-together-trip-togetherUITests/Pods-trip-together-trip-togetherUITests.release.xcconfig"; sourceTree = "<group>"; };
/* End PBXFileReference section */

/* Begin PBXFrameworksBuildPhase section */
		04D818DE269CAE8400C3A9D8 /* Frameworks */ = {
			isa = PBXFrameworksBuildPhase;
			buildActionMask = 2147483647;
			files = (
				0459D61926AF1CB10071376F /* CoreLocation.framework in Frameworks */,
				04E996E526AB5DFE005E1FBE /* MapKit.framework in Frameworks */,
				F4FAC8BB68620D9C47D55F22 /* Pods_trip_together.framework in Frameworks */,
			);
			runOnlyForDeploymentPostprocessing = 0;
		};
		04D818F9269CAE8600C3A9D8 /* Frameworks */ = {
			isa = PBXFrameworksBuildPhase;
			buildActionMask = 2147483647;
			files = (
				8F4331FB08DED8492EC640DD /* Pods_trip_togetherTests.framework in Frameworks */,
			);
			runOnlyForDeploymentPostprocessing = 0;
		};
		04D81904269CAE8600C3A9D8 /* Frameworks */ = {
			isa = PBXFrameworksBuildPhase;
			buildActionMask = 2147483647;
			files = (
				ECAA1B2B4177EBC5EF1AF95C /* Pods_trip_together_trip_togetherUITests.framework in Frameworks */,
			);
			runOnlyForDeploymentPostprocessing = 0;
		};
/* End PBXFrameworksBuildPhase section */

/* Begin PBXGroup section */
		0417942126A72D97007F5448 /* Event Validation */ = {
			isa = PBXGroup;
			children = (
				0417941E26A72D92007F5448 /* EventValidation.h */,
				0417941F26A72D92007F5448 /* EventValidation.m */,
			);
			path = "Event Validation";
			sourceTree = "<group>";
		};
		04D818D8269CAE8400C3A9D8 = {
			isa = PBXGroup;
			children = (
				04D818E3269CAE8400C3A9D8 /* trip-together */,
				04D818FF269CAE8600C3A9D8 /* trip-togetherTests */,
				04D8190A269CAE8600C3A9D8 /* trip-togetherUITests */,
				04D818E2269CAE8400C3A9D8 /* Products */,
				39AE62E8FBCDB2934E8BD3FD /* Pods */,
				208CA418504687B877EC5E98 /* Frameworks */,
			);
			sourceTree = "<group>";
		};
		04D818E2269CAE8400C3A9D8 /* Products */ = {
			isa = PBXGroup;
			children = (
				04D818E1269CAE8400C3A9D8 /* trip-together.app */,
				04D818FC269CAE8600C3A9D8 /* trip-togetherTests.xctest */,
				04D81907269CAE8600C3A9D8 /* trip-togetherUITests.xctest */,
			);
			name = Products;
			sourceTree = "<group>";
		};
		04D818E3269CAE8400C3A9D8 /* trip-together */ = {
			isa = PBXGroup;
			children = (
				04D8191A269CB30800C3A9D8 /* View Controllers */,
				04D81919269CB2F900C3A9D8 /* Views */,
				04D8191B269CB30E00C3A9D8 /* Models */,
				0417942126A72D97007F5448 /* Event Validation */,
				04FC8C7226A9F3CD004C9069 /* APIManager.h */,
				04FC8C7326A9F3CD004C9069 /* APIManager.m */,
				04D818E4269CAE8400C3A9D8 /* AppDelegate.h */,
				04D818E5269CAE8400C3A9D8 /* AppDelegate.m */,
				04D818E7269CAE8400C3A9D8 /* SceneDelegate.h */,
				04D818E8269CAE8400C3A9D8 /* SceneDelegate.m */,
				04D818ED269CAE8400C3A9D8 /* Main.storyboard */,
				04D818F0269CAE8600C3A9D8 /* Assets.xcassets */,
				04D818F2269CAE8600C3A9D8 /* LaunchScreen.storyboard */,
				04D818F5269CAE8600C3A9D8 /* Info.plist */,
				04D818F6269CAE8600C3A9D8 /* main.m */,
				04E89A62269E16DA001593BA /* Keys.plist */,
			);
			path = "trip-together";
			sourceTree = "<group>";
		};
		04D818FF269CAE8600C3A9D8 /* trip-togetherTests */ = {
			isa = PBXGroup;
			children = (
				04D81900269CAE8600C3A9D8 /* trip_togetherTests.m */,
				04D81902269CAE8600C3A9D8 /* Info.plist */,
			);
			path = "trip-togetherTests";
			sourceTree = "<group>";
		};
		04D8190A269CAE8600C3A9D8 /* trip-togetherUITests */ = {
			isa = PBXGroup;
			children = (
				04D8190B269CAE8600C3A9D8 /* trip_togetherUITests.m */,
				04D8190D269CAE8600C3A9D8 /* Info.plist */,
			);
			path = "trip-togetherUITests";
			sourceTree = "<group>";
		};
		04D81919269CB2F900C3A9D8 /* Views */ = {
			isa = PBXGroup;
			children = (
				04D324C5269CEF03000B4BE1 /* UserCell.h */,
				04D324C6269CEF03000B4BE1 /* UserCell.m */,
				04D324C8269D06F4000B4BE1 /* GroupCell.h */,
				04D324C9269D06F4000B4BE1 /* GroupCell.m */,
				04E89A64269E22AF001593BA /* EventCell.h */,
				04E89A65269E22AF001593BA /* EventCell.m */,
				04D24C9726A0D3DB00F9810F /* GroupEventCell.h */,
				04D24C9826A0D3DB00F9810F /* GroupEventCell.m */,
				04368C6B26AF64C50033F664 /* EventAnnotation.h */,
				04368C6C26AF64C50033F664 /* EventAnnotation.m */,
			);
			path = Views;
			sourceTree = "<group>";
		};
		04D8191A269CB30800C3A9D8 /* View Controllers */ = {
			isa = PBXGroup;
			children = (
				04D8191C269CB34800C3A9D8 /* LoginViewController.h */,
				04D8191D269CB34800C3A9D8 /* LoginViewController.m */,
				04A1867726A2371900E09A34 /* RegisterViewController.h */,
				04A1867826A2371900E09A34 /* RegisterViewController.m */,
				04D8191F269CBF0A00C3A9D8 /* EventsViewController.h */,
				04D81920269CBF0A00C3A9D8 /* EventsViewController.m */,
				04D81922269CBF1D00C3A9D8 /* GroupsViewController.h */,
				04D81923269CBF1D00C3A9D8 /* GroupsViewController.m */,
				04D81925269CC12000C3A9D8 /* CreateGroupViewController.h */,
				04D81926269CC12000C3A9D8 /* CreateGroupViewController.m */,
				04BAE75F269CD21A00C21ED5 /* GroupDetailsViewController.h */,
				04BAE760269CD21A00C21ED5 /* GroupDetailsViewController.m */,
				04BAE762269CD28C00C21ED5 /* EventDetailsViewController.h */,
				04BAE763269CD28C00C21ED5 /* EventDetailsViewController.m */,
				04BAE765269CD29600C21ED5 /* BookEventViewController.h */,
				04BAE766269CD29600C21ED5 /* BookEventViewController.m */,
				049ED5FB269CD8F600F85217 /* ProfileViewController.h */,
				049ED5FC269CD8F600F85217 /* ProfileViewController.m */,
				04D24C9426A0C6CB00F9810F /* GroupDetailsInfoViewController.h */,
				04D24C9526A0C6CB00F9810F /* GroupDetailsInfoViewController.m */,
				0459D61526AF161F0071376F /* EventMapViewController.h */,
				0459D61626AF161F0071376F /* EventMapViewController.m */,
			);
			path = "View Controllers";
			sourceTree = "<group>";
		};
		04D8191B269CB30E00C3A9D8 /* Models */ = {
			isa = PBXGroup;
			children = (
				049ED5FE269CDCF000F85217 /* Group.h */,
				049ED5FF269CDCF000F85217 /* Group.m */,
				04E89A5F269DEF0D001593BA /* Event.h */,
				04E89A60269DEF0D001593BA /* Event.m */,
			);
			path = Models;
			sourceTree = "<group>";
		};
		208CA418504687B877EC5E98 /* Frameworks */ = {
			isa = PBXGroup;
			children = (
				0459D61826AF1CB10071376F /* CoreLocation.framework */,
				04E996E426AB5DFE005E1FBE /* MapKit.framework */,
				08321C2A08A738B3D200D575 /* Pods_trip_together.framework */,
				55DAC9525131C5A0F00203B3 /* Pods_trip_together_trip_togetherUITests.framework */,
				44218E535CBA07A564C1ACD8 /* Pods_trip_togetherTests.framework */,
			);
			name = Frameworks;
			sourceTree = "<group>";
		};
		39AE62E8FBCDB2934E8BD3FD /* Pods */ = {
			isa = PBXGroup;
			children = (
				29EF4BE3495E39069FE35260 /* Pods-trip-together.debug.xcconfig */,
				4ADF8FEA4F7A3F8D2134D716 /* Pods-trip-together.release.xcconfig */,
				1DD140C78699A33396DB80F7 /* Pods-trip-together-trip-togetherUITests.debug.xcconfig */,
				CA9F1325F4076E072CF063CA /* Pods-trip-together-trip-togetherUITests.release.xcconfig */,
				2F4AAEFF68AAD1D00022C0A2 /* Pods-trip-togetherTests.debug.xcconfig */,
				48EAA27F76E903DC3D2F524C /* Pods-trip-togetherTests.release.xcconfig */,
			);
			path = Pods;
			sourceTree = "<group>";
		};
/* End PBXGroup section */

/* Begin PBXNativeTarget section */
		04D818E0269CAE8400C3A9D8 /* trip-together */ = {
			isa = PBXNativeTarget;
			buildConfigurationList = 04D81910269CAE8600C3A9D8 /* Build configuration list for PBXNativeTarget "trip-together" */;
			buildPhases = (
				0F804E3FD6347B878F5C3922 /* [CP] Check Pods Manifest.lock */,
				04D818DD269CAE8400C3A9D8 /* Sources */,
				04D818DE269CAE8400C3A9D8 /* Frameworks */,
				04D818DF269CAE8400C3A9D8 /* Resources */,
				6A4998DDC18EFBA7FF3FC8B5 /* [CP] Embed Pods Frameworks */,
				9229A4AAF10CFD8D26DBD9CA /* [CP] Copy Pods Resources */,
			);
			buildRules = (
			);
			dependencies = (
			);
			name = "trip-together";
			productName = "trip-together";
			productReference = 04D818E1269CAE8400C3A9D8 /* trip-together.app */;
			productType = "com.apple.product-type.application";
		};
		04D818FB269CAE8600C3A9D8 /* trip-togetherTests */ = {
			isa = PBXNativeTarget;
			buildConfigurationList = 04D81913269CAE8600C3A9D8 /* Build configuration list for PBXNativeTarget "trip-togetherTests" */;
			buildPhases = (
				A4C9D2B82B6038AF64058CB6 /* [CP] Check Pods Manifest.lock */,
				04D818F8269CAE8600C3A9D8 /* Sources */,
				04D818F9269CAE8600C3A9D8 /* Frameworks */,
				04D818FA269CAE8600C3A9D8 /* Resources */,
			);
			buildRules = (
			);
			dependencies = (
				04D818FE269CAE8600C3A9D8 /* PBXTargetDependency */,
			);
			name = "trip-togetherTests";
			productName = "trip-togetherTests";
			productReference = 04D818FC269CAE8600C3A9D8 /* trip-togetherTests.xctest */;
			productType = "com.apple.product-type.bundle.unit-test";
		};
		04D81906269CAE8600C3A9D8 /* trip-togetherUITests */ = {
			isa = PBXNativeTarget;
			buildConfigurationList = 04D81916269CAE8600C3A9D8 /* Build configuration list for PBXNativeTarget "trip-togetherUITests" */;
			buildPhases = (
				FE097C80A3D5E8DF17626986 /* [CP] Check Pods Manifest.lock */,
				04D81903269CAE8600C3A9D8 /* Sources */,
				04D81904269CAE8600C3A9D8 /* Frameworks */,
				04D81905269CAE8600C3A9D8 /* Resources */,
				BD86C8E7EC52424B6ECB68F1 /* [CP] Embed Pods Frameworks */,
				C57401F82DE5B69BB017B655 /* [CP] Copy Pods Resources */,
			);
			buildRules = (
			);
			dependencies = (
				04D81909269CAE8600C3A9D8 /* PBXTargetDependency */,
			);
			name = "trip-togetherUITests";
			productName = "trip-togetherUITests";
			productReference = 04D81907269CAE8600C3A9D8 /* trip-togetherUITests.xctest */;
			productType = "com.apple.product-type.bundle.ui-testing";
		};
/* End PBXNativeTarget section */

/* Begin PBXProject section */
		04D818D9269CAE8400C3A9D8 /* Project object */ = {
			isa = PBXProject;
			attributes = {
				LastUpgradeCheck = 1250;
				TargetAttributes = {
					04D818E0269CAE8400C3A9D8 = {
						CreatedOnToolsVersion = 12.5.1;
					};
					04D818FB269CAE8600C3A9D8 = {
						CreatedOnToolsVersion = 12.5.1;
						TestTargetID = 04D818E0269CAE8400C3A9D8;
					};
					04D81906269CAE8600C3A9D8 = {
						CreatedOnToolsVersion = 12.5.1;
						TestTargetID = 04D818E0269CAE8400C3A9D8;
					};
				};
			};
			buildConfigurationList = 04D818DC269CAE8400C3A9D8 /* Build configuration list for PBXProject "trip-together" */;
			compatibilityVersion = "Xcode 9.3";
			developmentRegion = en;
			hasScannedForEncodings = 0;
			knownRegions = (
				en,
				Base,
			);
			mainGroup = 04D818D8269CAE8400C3A9D8;
			productRefGroup = 04D818E2269CAE8400C3A9D8 /* Products */;
			projectDirPath = "";
			projectRoot = "";
			targets = (
				04D818E0269CAE8400C3A9D8 /* trip-together */,
				04D818FB269CAE8600C3A9D8 /* trip-togetherTests */,
				04D81906269CAE8600C3A9D8 /* trip-togetherUITests */,
			);
		};
/* End PBXProject section */

/* Begin PBXResourcesBuildPhase section */
		04D818DF269CAE8400C3A9D8 /* Resources */ = {
			isa = PBXResourcesBuildPhase;
			buildActionMask = 2147483647;
			files = (
				04E89A63269E16DA001593BA /* Keys.plist in Resources */,
				04D818F4269CAE8600C3A9D8 /* LaunchScreen.storyboard in Resources */,
				04D818F1269CAE8600C3A9D8 /* Assets.xcassets in Resources */,
				04D818EF269CAE8400C3A9D8 /* Main.storyboard in Resources */,
			);
			runOnlyForDeploymentPostprocessing = 0;
		};
		04D818FA269CAE8600C3A9D8 /* Resources */ = {
			isa = PBXResourcesBuildPhase;
			buildActionMask = 2147483647;
			files = (
			);
			runOnlyForDeploymentPostprocessing = 0;
		};
		04D81905269CAE8600C3A9D8 /* Resources */ = {
			isa = PBXResourcesBuildPhase;
			buildActionMask = 2147483647;
			files = (
			);
			runOnlyForDeploymentPostprocessing = 0;
		};
/* End PBXResourcesBuildPhase section */

/* Begin PBXShellScriptBuildPhase section */
		0F804E3FD6347B878F5C3922 /* [CP] Check Pods Manifest.lock */ = {
			isa = PBXShellScriptBuildPhase;
			buildActionMask = 2147483647;
			files = (
			);
			inputFileListPaths = (
			);
			inputPaths = (
				"${PODS_PODFILE_DIR_PATH}/Podfile.lock",
				"${PODS_ROOT}/Manifest.lock",
			);
			name = "[CP] Check Pods Manifest.lock";
			outputFileListPaths = (
			);
			outputPaths = (
				"$(DERIVED_FILE_DIR)/Pods-trip-together-checkManifestLockResult.txt",
			);
			runOnlyForDeploymentPostprocessing = 0;
			shellPath = /bin/sh;
			shellScript = "diff \"${PODS_PODFILE_DIR_PATH}/Podfile.lock\" \"${PODS_ROOT}/Manifest.lock\" > /dev/null\nif [ $? != 0 ] ; then\n    # print error to STDERR\n    echo \"error: The sandbox is not in sync with the Podfile.lock. Run 'pod install' or update your CocoaPods installation.\" >&2\n    exit 1\nfi\n# This output is used by Xcode 'outputs' to avoid re-running this script phase.\necho \"SUCCESS\" > \"${SCRIPT_OUTPUT_FILE_0}\"\n";
			showEnvVarsInLog = 0;
		};
		6A4998DDC18EFBA7FF3FC8B5 /* [CP] Embed Pods Frameworks */ = {
			isa = PBXShellScriptBuildPhase;
			buildActionMask = 2147483647;
			files = (
			);
			inputFileListPaths = (
				"${PODS_ROOT}/Target Support Files/Pods-trip-together/Pods-trip-together-frameworks-${CONFIGURATION}-input-files.xcfilelist",
			);
			name = "[CP] Embed Pods Frameworks";
			outputFileListPaths = (
				"${PODS_ROOT}/Target Support Files/Pods-trip-together/Pods-trip-together-frameworks-${CONFIGURATION}-output-files.xcfilelist",
			);
			runOnlyForDeploymentPostprocessing = 0;
			shellPath = /bin/sh;
			shellScript = "\"${PODS_ROOT}/Target Support Files/Pods-trip-together/Pods-trip-together-frameworks.sh\"\n";
			showEnvVarsInLog = 0;
		};
		9229A4AAF10CFD8D26DBD9CA /* [CP] Copy Pods Resources */ = {
			isa = PBXShellScriptBuildPhase;
			buildActionMask = 2147483647;
			files = (
			);
			inputFileListPaths = (
				"${PODS_ROOT}/Target Support Files/Pods-trip-together/Pods-trip-together-resources-${CONFIGURATION}-input-files.xcfilelist",
			);
			name = "[CP] Copy Pods Resources";
			outputFileListPaths = (
				"${PODS_ROOT}/Target Support Files/Pods-trip-together/Pods-trip-together-resources-${CONFIGURATION}-output-files.xcfilelist",
			);
			runOnlyForDeploymentPostprocessing = 0;
			shellPath = /bin/sh;
			shellScript = "\"${PODS_ROOT}/Target Support Files/Pods-trip-together/Pods-trip-together-resources.sh\"\n";
			showEnvVarsInLog = 0;
		};
		A4C9D2B82B6038AF64058CB6 /* [CP] Check Pods Manifest.lock */ = {
			isa = PBXShellScriptBuildPhase;
			buildActionMask = 2147483647;
			files = (
			);
			inputFileListPaths = (
			);
			inputPaths = (
				"${PODS_PODFILE_DIR_PATH}/Podfile.lock",
				"${PODS_ROOT}/Manifest.lock",
			);
			name = "[CP] Check Pods Manifest.lock";
			outputFileListPaths = (
			);
			outputPaths = (
				"$(DERIVED_FILE_DIR)/Pods-trip-togetherTests-checkManifestLockResult.txt",
			);
			runOnlyForDeploymentPostprocessing = 0;
			shellPath = /bin/sh;
			shellScript = "diff \"${PODS_PODFILE_DIR_PATH}/Podfile.lock\" \"${PODS_ROOT}/Manifest.lock\" > /dev/null\nif [ $? != 0 ] ; then\n    # print error to STDERR\n    echo \"error: The sandbox is not in sync with the Podfile.lock. Run 'pod install' or update your CocoaPods installation.\" >&2\n    exit 1\nfi\n# This output is used by Xcode 'outputs' to avoid re-running this script phase.\necho \"SUCCESS\" > \"${SCRIPT_OUTPUT_FILE_0}\"\n";
			showEnvVarsInLog = 0;
		};
		BD86C8E7EC52424B6ECB68F1 /* [CP] Embed Pods Frameworks */ = {
			isa = PBXShellScriptBuildPhase;
			buildActionMask = 2147483647;
			files = (
			);
			inputFileListPaths = (
				"${PODS_ROOT}/Target Support Files/Pods-trip-together-trip-togetherUITests/Pods-trip-together-trip-togetherUITests-frameworks-${CONFIGURATION}-input-files.xcfilelist",
			);
			name = "[CP] Embed Pods Frameworks";
			outputFileListPaths = (
				"${PODS_ROOT}/Target Support Files/Pods-trip-together-trip-togetherUITests/Pods-trip-together-trip-togetherUITests-frameworks-${CONFIGURATION}-output-files.xcfilelist",
			);
			runOnlyForDeploymentPostprocessing = 0;
			shellPath = /bin/sh;
			shellScript = "\"${PODS_ROOT}/Target Support Files/Pods-trip-together-trip-togetherUITests/Pods-trip-together-trip-togetherUITests-frameworks.sh\"\n";
			showEnvVarsInLog = 0;
		};
		C57401F82DE5B69BB017B655 /* [CP] Copy Pods Resources */ = {
			isa = PBXShellScriptBuildPhase;
			buildActionMask = 2147483647;
			files = (
			);
			inputFileListPaths = (
				"${PODS_ROOT}/Target Support Files/Pods-trip-together-trip-togetherUITests/Pods-trip-together-trip-togetherUITests-resources-${CONFIGURATION}-input-files.xcfilelist",
			);
			name = "[CP] Copy Pods Resources";
			outputFileListPaths = (
				"${PODS_ROOT}/Target Support Files/Pods-trip-together-trip-togetherUITests/Pods-trip-together-trip-togetherUITests-resources-${CONFIGURATION}-output-files.xcfilelist",
			);
			runOnlyForDeploymentPostprocessing = 0;
			shellPath = /bin/sh;
			shellScript = "\"${PODS_ROOT}/Target Support Files/Pods-trip-together-trip-togetherUITests/Pods-trip-together-trip-togetherUITests-resources.sh\"\n";
			showEnvVarsInLog = 0;
		};
		FE097C80A3D5E8DF17626986 /* [CP] Check Pods Manifest.lock */ = {
			isa = PBXShellScriptBuildPhase;
			buildActionMask = 2147483647;
			files = (
			);
			inputFileListPaths = (
			);
			inputPaths = (
				"${PODS_PODFILE_DIR_PATH}/Podfile.lock",
				"${PODS_ROOT}/Manifest.lock",
			);
			name = "[CP] Check Pods Manifest.lock";
			outputFileListPaths = (
			);
			outputPaths = (
				"$(DERIVED_FILE_DIR)/Pods-trip-together-trip-togetherUITests-checkManifestLockResult.txt",
			);
			runOnlyForDeploymentPostprocessing = 0;
			shellPath = /bin/sh;
			shellScript = "diff \"${PODS_PODFILE_DIR_PATH}/Podfile.lock\" \"${PODS_ROOT}/Manifest.lock\" > /dev/null\nif [ $? != 0 ] ; then\n    # print error to STDERR\n    echo \"error: The sandbox is not in sync with the Podfile.lock. Run 'pod install' or update your CocoaPods installation.\" >&2\n    exit 1\nfi\n# This output is used by Xcode 'outputs' to avoid re-running this script phase.\necho \"SUCCESS\" > \"${SCRIPT_OUTPUT_FILE_0}\"\n";
			showEnvVarsInLog = 0;
		};
/* End PBXShellScriptBuildPhase section */

/* Begin PBXSourcesBuildPhase section */
		04D818DD269CAE8400C3A9D8 /* Sources */ = {
			isa = PBXSourcesBuildPhase;
			buildActionMask = 2147483647;
			files = (
				04D8191E269CB34800C3A9D8 /* LoginViewController.m in Sources */,
				04BAE761269CD21A00C21ED5 /* GroupDetailsViewController.m in Sources */,
				04D81927269CC12000C3A9D8 /* CreateGroupViewController.m in Sources */,
				04D324CA269D06F4000B4BE1 /* GroupCell.m in Sources */,
				049ED600269CDCF000F85217 /* Group.m in Sources */,
				04D81921269CBF0A00C3A9D8 /* EventsViewController.m in Sources */,
				04D24C9926A0D3DB00F9810F /* GroupEventCell.m in Sources */,
				04D818E6269CAE8400C3A9D8 /* AppDelegate.m in Sources */,
				04A1867926A2371900E09A34 /* RegisterViewController.m in Sources */,
				04368C6D26AF64C50033F664 /* EventAnnotation.m in Sources */,
				0417942026A72D92007F5448 /* EventValidation.m in Sources */,
				0459D61726AF161F0071376F /* EventMapViewController.m in Sources */,
				04D818F7269CAE8600C3A9D8 /* main.m in Sources */,
				04FC8C7426A9F3CD004C9069 /* APIManager.m in Sources */,
				04E89A66269E22AF001593BA /* EventCell.m in Sources */,
				04BAE767269CD29600C21ED5 /* BookEventViewController.m in Sources */,
				04BAE764269CD28C00C21ED5 /* EventDetailsViewController.m in Sources */,
				049ED5FD269CD8F600F85217 /* ProfileViewController.m in Sources */,
				04D81924269CBF1D00C3A9D8 /* GroupsViewController.m in Sources */,
				04D24C9626A0C6CB00F9810F /* GroupDetailsInfoViewController.m in Sources */,
				04E89A61269DEF0D001593BA /* Event.m in Sources */,
				04D818E9269CAE8400C3A9D8 /* SceneDelegate.m in Sources */,
				04D324C7269CEF03000B4BE1 /* UserCell.m in Sources */,
			);
			runOnlyForDeploymentPostprocessing = 0;
		};
		04D818F8269CAE8600C3A9D8 /* Sources */ = {
			isa = PBXSourcesBuildPhase;
			buildActionMask = 2147483647;
			files = (
				04D81901269CAE8600C3A9D8 /* trip_togetherTests.m in Sources */,
			);
			runOnlyForDeploymentPostprocessing = 0;
		};
		04D81903269CAE8600C3A9D8 /* Sources */ = {
			isa = PBXSourcesBuildPhase;
			buildActionMask = 2147483647;
			files = (
				04D8190C269CAE8600C3A9D8 /* trip_togetherUITests.m in Sources */,
			);
			runOnlyForDeploymentPostprocessing = 0;
		};
/* End PBXSourcesBuildPhase section */

/* Begin PBXTargetDependency section */
		04D818FE269CAE8600C3A9D8 /* PBXTargetDependency */ = {
			isa = PBXTargetDependency;
			target = 04D818E0269CAE8400C3A9D8 /* trip-together */;
			targetProxy = 04D818FD269CAE8600C3A9D8 /* PBXContainerItemProxy */;
		};
		04D81909269CAE8600C3A9D8 /* PBXTargetDependency */ = {
			isa = PBXTargetDependency;
			target = 04D818E0269CAE8400C3A9D8 /* trip-together */;
			targetProxy = 04D81908269CAE8600C3A9D8 /* PBXContainerItemProxy */;
		};
/* End PBXTargetDependency section */

/* Begin PBXVariantGroup section */
		04D818ED269CAE8400C3A9D8 /* Main.storyboard */ = {
			isa = PBXVariantGroup;
			children = (
				04D818EE269CAE8400C3A9D8 /* Base */,
			);
			name = Main.storyboard;
			sourceTree = "<group>";
		};
		04D818F2269CAE8600C3A9D8 /* LaunchScreen.storyboard */ = {
			isa = PBXVariantGroup;
			children = (
				04D818F3269CAE8600C3A9D8 /* Base */,
			);
			name = LaunchScreen.storyboard;
			sourceTree = "<group>";
		};
/* End PBXVariantGroup section */

/* Begin XCBuildConfiguration section */
		04D8190E269CAE8600C3A9D8 /* Debug */ = {
			isa = XCBuildConfiguration;
			buildSettings = {
				ALWAYS_SEARCH_USER_PATHS = NO;
				CLANG_ANALYZER_NONNULL = YES;
				CLANG_ANALYZER_NUMBER_OBJECT_CONVERSION = YES_AGGRESSIVE;
				CLANG_CXX_LANGUAGE_STANDARD = "gnu++14";
				CLANG_CXX_LIBRARY = "libc++";
				CLANG_ENABLE_MODULES = YES;
				CLANG_ENABLE_OBJC_ARC = YES;
				CLANG_ENABLE_OBJC_WEAK = YES;
				CLANG_WARN_BLOCK_CAPTURE_AUTORELEASING = YES;
				CLANG_WARN_BOOL_CONVERSION = YES;
				CLANG_WARN_COMMA = YES;
				CLANG_WARN_CONSTANT_CONVERSION = YES;
				CLANG_WARN_DEPRECATED_OBJC_IMPLEMENTATIONS = YES;
				CLANG_WARN_DIRECT_OBJC_ISA_USAGE = YES_ERROR;
				CLANG_WARN_DOCUMENTATION_COMMENTS = YES;
				CLANG_WARN_EMPTY_BODY = YES;
				CLANG_WARN_ENUM_CONVERSION = YES;
				CLANG_WARN_INFINITE_RECURSION = YES;
				CLANG_WARN_INT_CONVERSION = YES;
				CLANG_WARN_NON_LITERAL_NULL_CONVERSION = YES;
				CLANG_WARN_OBJC_IMPLICIT_RETAIN_SELF = YES;
				CLANG_WARN_OBJC_LITERAL_CONVERSION = YES;
				CLANG_WARN_OBJC_ROOT_CLASS = YES_ERROR;
				CLANG_WARN_QUOTED_INCLUDE_IN_FRAMEWORK_HEADER = YES;
				CLANG_WARN_RANGE_LOOP_ANALYSIS = YES;
				CLANG_WARN_STRICT_PROTOTYPES = YES;
				CLANG_WARN_SUSPICIOUS_MOVE = YES;
				CLANG_WARN_UNGUARDED_AVAILABILITY = YES_AGGRESSIVE;
				CLANG_WARN_UNREACHABLE_CODE = YES;
				CLANG_WARN__DUPLICATE_METHOD_MATCH = YES;
				COPY_PHASE_STRIP = NO;
				DEBUG_INFORMATION_FORMAT = dwarf;
				ENABLE_STRICT_OBJC_MSGSEND = YES;
				ENABLE_TESTABILITY = YES;
				GCC_C_LANGUAGE_STANDARD = gnu11;
				GCC_DYNAMIC_NO_PIC = NO;
				GCC_NO_COMMON_BLOCKS = YES;
				GCC_OPTIMIZATION_LEVEL = 0;
				GCC_PREPROCESSOR_DEFINITIONS = (
					"DEBUG=1",
					"$(inherited)",
				);
				GCC_WARN_64_TO_32_BIT_CONVERSION = YES;
				GCC_WARN_ABOUT_RETURN_TYPE = YES_ERROR;
				GCC_WARN_UNDECLARED_SELECTOR = YES;
				GCC_WARN_UNINITIALIZED_AUTOS = YES_AGGRESSIVE;
				GCC_WARN_UNUSED_FUNCTION = YES;
				GCC_WARN_UNUSED_VARIABLE = YES;
				IPHONEOS_DEPLOYMENT_TARGET = 14.5;
				MTL_ENABLE_DEBUG_INFO = INCLUDE_SOURCE;
				MTL_FAST_MATH = YES;
				ONLY_ACTIVE_ARCH = YES;
				SDKROOT = iphoneos;
			};
			name = Debug;
		};
		04D8190F269CAE8600C3A9D8 /* Release */ = {
			isa = XCBuildConfiguration;
			buildSettings = {
				ALWAYS_SEARCH_USER_PATHS = NO;
				CLANG_ANALYZER_NONNULL = YES;
				CLANG_ANALYZER_NUMBER_OBJECT_CONVERSION = YES_AGGRESSIVE;
				CLANG_CXX_LANGUAGE_STANDARD = "gnu++14";
				CLANG_CXX_LIBRARY = "libc++";
				CLANG_ENABLE_MODULES = YES;
				CLANG_ENABLE_OBJC_ARC = YES;
				CLANG_ENABLE_OBJC_WEAK = YES;
				CLANG_WARN_BLOCK_CAPTURE_AUTORELEASING = YES;
				CLANG_WARN_BOOL_CONVERSION = YES;
				CLANG_WARN_COMMA = YES;
				CLANG_WARN_CONSTANT_CONVERSION = YES;
				CLANG_WARN_DEPRECATED_OBJC_IMPLEMENTATIONS = YES;
				CLANG_WARN_DIRECT_OBJC_ISA_USAGE = YES_ERROR;
				CLANG_WARN_DOCUMENTATION_COMMENTS = YES;
				CLANG_WARN_EMPTY_BODY = YES;
				CLANG_WARN_ENUM_CONVERSION = YES;
				CLANG_WARN_INFINITE_RECURSION = YES;
				CLANG_WARN_INT_CONVERSION = YES;
				CLANG_WARN_NON_LITERAL_NULL_CONVERSION = YES;
				CLANG_WARN_OBJC_IMPLICIT_RETAIN_SELF = YES;
				CLANG_WARN_OBJC_LITERAL_CONVERSION = YES;
				CLANG_WARN_OBJC_ROOT_CLASS = YES_ERROR;
				CLANG_WARN_QUOTED_INCLUDE_IN_FRAMEWORK_HEADER = YES;
				CLANG_WARN_RANGE_LOOP_ANALYSIS = YES;
				CLANG_WARN_STRICT_PROTOTYPES = YES;
				CLANG_WARN_SUSPICIOUS_MOVE = YES;
				CLANG_WARN_UNGUARDED_AVAILABILITY = YES_AGGRESSIVE;
				CLANG_WARN_UNREACHABLE_CODE = YES;
				CLANG_WARN__DUPLICATE_METHOD_MATCH = YES;
				COPY_PHASE_STRIP = NO;
				DEBUG_INFORMATION_FORMAT = "dwarf-with-dsym";
				ENABLE_NS_ASSERTIONS = NO;
				ENABLE_STRICT_OBJC_MSGSEND = YES;
				GCC_C_LANGUAGE_STANDARD = gnu11;
				GCC_NO_COMMON_BLOCKS = YES;
				GCC_WARN_64_TO_32_BIT_CONVERSION = YES;
				GCC_WARN_ABOUT_RETURN_TYPE = YES_ERROR;
				GCC_WARN_UNDECLARED_SELECTOR = YES;
				GCC_WARN_UNINITIALIZED_AUTOS = YES_AGGRESSIVE;
				GCC_WARN_UNUSED_FUNCTION = YES;
				GCC_WARN_UNUSED_VARIABLE = YES;
				IPHONEOS_DEPLOYMENT_TARGET = 14.5;
				MTL_ENABLE_DEBUG_INFO = NO;
				MTL_FAST_MATH = YES;
				SDKROOT = iphoneos;
				VALIDATE_PRODUCT = YES;
			};
			name = Release;
		};
		04D81911269CAE8600C3A9D8 /* Debug */ = {
			isa = XCBuildConfiguration;
			baseConfigurationReference = 29EF4BE3495E39069FE35260 /* Pods-trip-together.debug.xcconfig */;
			buildSettings = {
				ASSETCATALOG_COMPILER_APPICON_NAME = AppIcon;
				ASSETCATALOG_COMPILER_GLOBAL_ACCENT_COLOR_NAME = AccentColor;
				CODE_SIGN_STYLE = Automatic;
				DEVELOPMENT_TEAM = 927NKNA39T;
				INFOPLIST_FILE = "trip-together/Info.plist";
				LD_RUNPATH_SEARCH_PATHS = (
					"$(inherited)",
					"@executable_path/Frameworks",
				);
				PRODUCT_BUNDLE_IDENTIFIER = "com.elizabethke100.trip-together";
				PRODUCT_NAME = "$(TARGET_NAME)";
				TARGETED_DEVICE_FAMILY = "1,2";
			};
			name = Debug;
		};
		04D81912269CAE8600C3A9D8 /* Release */ = {
			isa = XCBuildConfiguration;
			baseConfigurationReference = 4ADF8FEA4F7A3F8D2134D716 /* Pods-trip-together.release.xcconfig */;
			buildSettings = {
				ASSETCATALOG_COMPILER_APPICON_NAME = AppIcon;
				ASSETCATALOG_COMPILER_GLOBAL_ACCENT_COLOR_NAME = AccentColor;
				CODE_SIGN_STYLE = Automatic;
				DEVELOPMENT_TEAM = 927NKNA39T;
				INFOPLIST_FILE = "trip-together/Info.plist";
				LD_RUNPATH_SEARCH_PATHS = (
					"$(inherited)",
					"@executable_path/Frameworks",
				);
				PRODUCT_BUNDLE_IDENTIFIER = "com.elizabethke100.trip-together";
				PRODUCT_NAME = "$(TARGET_NAME)";
				TARGETED_DEVICE_FAMILY = "1,2";
			};
			name = Release;
		};
		04D81914269CAE8600C3A9D8 /* Debug */ = {
			isa = XCBuildConfiguration;
			baseConfigurationReference = 2F4AAEFF68AAD1D00022C0A2 /* Pods-trip-togetherTests.debug.xcconfig */;
			buildSettings = {
				BUNDLE_LOADER = "$(TEST_HOST)";
				CODE_SIGN_STYLE = Automatic;
				DEVELOPMENT_TEAM = 927NKNA39T;
				INFOPLIST_FILE = "trip-togetherTests/Info.plist";
				IPHONEOS_DEPLOYMENT_TARGET = 14.5;
				LD_RUNPATH_SEARCH_PATHS = (
					"$(inherited)",
					"@executable_path/Frameworks",
					"@loader_path/Frameworks",
				);
				PRODUCT_BUNDLE_IDENTIFIER = "com.elizabethke100.trip-togetherTests";
				PRODUCT_NAME = "$(TARGET_NAME)";
				TARGETED_DEVICE_FAMILY = "1,2";
				TEST_HOST = "$(BUILT_PRODUCTS_DIR)/trip-together.app/trip-together";
			};
			name = Debug;
		};
		04D81915269CAE8600C3A9D8 /* Release */ = {
			isa = XCBuildConfiguration;
			baseConfigurationReference = 48EAA27F76E903DC3D2F524C /* Pods-trip-togetherTests.release.xcconfig */;
			buildSettings = {
				BUNDLE_LOADER = "$(TEST_HOST)";
				CODE_SIGN_STYLE = Automatic;
				DEVELOPMENT_TEAM = 927NKNA39T;
				INFOPLIST_FILE = "trip-togetherTests/Info.plist";
				IPHONEOS_DEPLOYMENT_TARGET = 14.5;
				LD_RUNPATH_SEARCH_PATHS = (
					"$(inherited)",
					"@executable_path/Frameworks",
					"@loader_path/Frameworks",
				);
				PRODUCT_BUNDLE_IDENTIFIER = "com.elizabethke100.trip-togetherTests";
				PRODUCT_NAME = "$(TARGET_NAME)";
				TARGETED_DEVICE_FAMILY = "1,2";
				TEST_HOST = "$(BUILT_PRODUCTS_DIR)/trip-together.app/trip-together";
			};
			name = Release;
		};
		04D81917269CAE8600C3A9D8 /* Debug */ = {
			isa = XCBuildConfiguration;
			baseConfigurationReference = 1DD140C78699A33396DB80F7 /* Pods-trip-together-trip-togetherUITests.debug.xcconfig */;
			buildSettings = {
				CODE_SIGN_STYLE = Automatic;
				DEVELOPMENT_TEAM = 927NKNA39T;
				INFOPLIST_FILE = "trip-togetherUITests/Info.plist";
				LD_RUNPATH_SEARCH_PATHS = (
					"$(inherited)",
					"@executable_path/Frameworks",
					"@loader_path/Frameworks",
				);
				PRODUCT_BUNDLE_IDENTIFIER = "com.elizabethke100.trip-togetherUITests";
				PRODUCT_NAME = "$(TARGET_NAME)";
				TARGETED_DEVICE_FAMILY = "1,2";
				TEST_TARGET_NAME = "trip-together";
			};
			name = Debug;
		};
		04D81918269CAE8600C3A9D8 /* Release */ = {
			isa = XCBuildConfiguration;
			baseConfigurationReference = CA9F1325F4076E072CF063CA /* Pods-trip-together-trip-togetherUITests.release.xcconfig */;
			buildSettings = {
				CODE_SIGN_STYLE = Automatic;
				DEVELOPMENT_TEAM = 927NKNA39T;
				INFOPLIST_FILE = "trip-togetherUITests/Info.plist";
				LD_RUNPATH_SEARCH_PATHS = (
					"$(inherited)",
					"@executable_path/Frameworks",
					"@loader_path/Frameworks",
				);
				PRODUCT_BUNDLE_IDENTIFIER = "com.elizabethke100.trip-togetherUITests";
				PRODUCT_NAME = "$(TARGET_NAME)";
				TARGETED_DEVICE_FAMILY = "1,2";
				TEST_TARGET_NAME = "trip-together";
			};
			name = Release;
		};
/* End XCBuildConfiguration section */

/* Begin XCConfigurationList section */
		04D818DC269CAE8400C3A9D8 /* Build configuration list for PBXProject "trip-together" */ = {
			isa = XCConfigurationList;
			buildConfigurations = (
				04D8190E269CAE8600C3A9D8 /* Debug */,
				04D8190F269CAE8600C3A9D8 /* Release */,
			);
			defaultConfigurationIsVisible = 0;
			defaultConfigurationName = Release;
		};
		04D81910269CAE8600C3A9D8 /* Build configuration list for PBXNativeTarget "trip-together" */ = {
			isa = XCConfigurationList;
			buildConfigurations = (
				04D81911269CAE8600C3A9D8 /* Debug */,
				04D81912269CAE8600C3A9D8 /* Release */,
			);
			defaultConfigurationIsVisible = 0;
			defaultConfigurationName = Release;
		};
		04D81913269CAE8600C3A9D8 /* Build configuration list for PBXNativeTarget "trip-togetherTests" */ = {
			isa = XCConfigurationList;
			buildConfigurations = (
				04D81914269CAE8600C3A9D8 /* Debug */,
				04D81915269CAE8600C3A9D8 /* Release */,
			);
			defaultConfigurationIsVisible = 0;
			defaultConfigurationName = Release;
		};
		04D81916269CAE8600C3A9D8 /* Build configuration list for PBXNativeTarget "trip-togetherUITests" */ = {
			isa = XCConfigurationList;
			buildConfigurations = (
				04D81917269CAE8600C3A9D8 /* Debug */,
				04D81918269CAE8600C3A9D8 /* Release */,
			);
			defaultConfigurationIsVisible = 0;
			defaultConfigurationName = Release;
		};
/* End XCConfigurationList section */
	};
	rootObject = 04D818D9269CAE8400C3A9D8 /* Project object */;
}
